
Microsoft Visual Studio Solution File, Format Version 12.00
# Visual Studio Version 17
VisualStudioVersion = 17.11.35312.102
MinimumVisualStudioVersion = 10.0.40219.1
Project("{FAE04EC0-301F-11D3-BF4B-00C04F79EFBC}") = "OlamitBackpropagationActivity", "OlamitBackpropagationActivity.csproj", "{DDF2F6F6-0545-41D8-9F69-930114F9AE12}"
EndProject
Global
	GlobalSection(SolutionConfigurationPlatforms) = preSolution
		Debug|Any CPU = Debug|Any CPU
		Release|Any CPU = Release|Any CPU
	EndGlobalSection
	GlobalSection(ProjectConfigurationPlatforms) = postSolution
		{DDF2F6F6-0545-41D8-9F69-930114F9AE12}.Debug|Any CPU.ActiveCfg = Debug|Any CPU
		{DDF2F6F6-0545-41D8-9F69-930114F9AE12}.Debug|Any CPU.Build.0 = Debug|Any CPU
		{DDF2F6F6-0545-41D8-9F69-930114F9AE12}.Release|Any CPU.ActiveCfg = Release|Any CPU
		{DDF2F6F6-0545-41D8-9F69-930114F9AE12}.Release|Any CPU.Build.0 = Release|Any CPU
	EndGlobalSection
	GlobalSection(SolutionProperties) = preSolution
		HideSolutionNode = FALSE
	EndGlobalSection
	GlobalSection(ExtensibilityGlobals) = postSolution
		SolutionGuid = {6B88CA24-D3D0-4B9D-A935-D48504E36169}
	EndGlobalSection
EndGlobal
